
Microsoft Visual Studio Solution File, Format Version 12.00
# Visual Studio 2012
Project("{FAE04EC0-301F-11D3-BF4B-00C04F79EFBC}") = "CarRepair", "CarRepair\CarRepair.csproj", "{D2950608-7AEB-4B22-B892-CD71723D7F2B}"
EndProject
Global
	GlobalSection(SolutionConfigurationPlatforms) = preSolution
		Debug|x86 = Debug|x86
		Release|x86 = Release|x86
	EndGlobalSection
	GlobalSection(ProjectConfigurationPlatforms) = postSolution
		{D2950608-7AEB-4B22-B892-CD71723D7F2B}.Debug|x86.ActiveCfg = Debug|x86
		{D2950608-7AEB-4B22-B892-CD71723D7F2B}.Debug|x86.Build.0 = Debug|x86
		{D2950608-7AEB-4B22-B892-CD71723D7F2B}.Release|x86.ActiveCfg = Release|x86
		{D2950608-7AEB-4B22-B892-CD71723D7F2B}.Release|x86.Build.0 = Release|x86
	EndGlobalSection
EndGlobal
